// !$*UTF8*$!
{
	archiveVersion = 1;
	classes = {
	};
	objectVersion = 46;
	objects = {

/* Begin PBXBuildFile section */
		69775A641BB5A46B00C7708B /* main.swift in Sources */ = {isa = PBXBuildFile; fileRef = 69775A631BB5A46B00C7708B /* main.swift */; };
		69775A711BB5B36600C7708B /* MQDumpNSData.m in Sources */ = {isa = PBXBuildFile; fileRef = 69775A701BB5B36600C7708B /* MQDumpNSData.m */; };
/* End PBXBuildFile section */

/* Begin PBXCopyFilesBuildPhase section */
		69775A5E1BB5A46B00C7708B /* CopyFiles */ = {
			isa = PBXCopyFilesBuildPhase;
			buildActionMask = 2147483647;
			dstPath = /usr/share/man/man1/;
			dstSubfolderSpec = 0;
			files = (
			);
			runOnlyForDeploymentPostprocessing = 1;
		};
/* End PBXCopyFilesBuildPhase section */

/* Begin PBXFileReference section */
		69775A601BB5A46B00C7708B /* xor-sample */ = {isa = PBXFileReference; explicitFileType = "compiled.mach-o.executable"; includeInIndex = 0; path = "xor-sample"; sourceTree = BUILT_PRODUCTS_DIR; };
		69775A631BB5A46B00C7708B /* main.swift */ = {isa = PBXFileReference; lastKnownFileType = sourcecode.swift; path = main.swift; sourceTree = "<group>"; };
		69775A6A1BB5B18A00C7708B /* xor-sample-Bridging-Header.h */ = {isa = PBXFileReference; lastKnownFileType = sourcecode.c.h; path = "xor-sample-Bridging-Header.h"; sourceTree = "<group>"; };
		69775A6E1BB5B1B900C7708B /* MQDumpNSData.h */ = {isa = PBXFileReference; fileEncoding = 4; lastKnownFileType = sourcecode.c.h; path = MQDumpNSData.h; sourceTree = "<group>"; };
		69775A701BB5B36600C7708B /* MQDumpNSData.m */ = {isa = PBXFileReference; fileEncoding = 4; lastKnownFileType = sourcecode.c.objc; path = MQDumpNSData.m; sourceTree = "<group>"; };
/* End PBXFileReference section */

/* Begin PBXFrameworksBuildPhase section */
		69775A5D1BB5A46B00C7708B /* Frameworks */ = {
			isa = PBXFrameworksBuildPhase;
			buildActionMask = 2147483647;
			files = (
			);
			runOnlyForDeploymentPostprocessing = 0;
		};
/* End PBXFrameworksBuildPhase section */

/* Begin PBXGroup section */
		69775A571BB5A46B00C7708B = {
			isa = PBXGroup;
			children = (
				69775A621BB5A46B00C7708B /* xor-sample */,
				69775A611BB5A46B00C7708B /* Products */,
			);
			sourceTree = "<group>";
		};
		69775A611BB5A46B00C7708B /* Products */ = {
			isa = PBXGroup;
			children = (
				69775A601BB5A46B00C7708B /* xor-sample */,
			);
			name = Products;
			sourceTree = "<group>";
		};
		69775A621BB5A46B00C7708B /* xor-sample */ = {
			isa = PBXGroup;
			children = (
				69775A631BB5A46B00C7708B /* main.swift */,
				69775A6A1BB5B18A00C7708B /* xor-sample-Bridging-Header.h */,
				69775A701BB5B36600C7708B /* MQDumpNSData.m */,
				69775A6E1BB5B1B900C7708B /* MQDumpNSData.h */,
			);
			path = "xor-sample";
			sourceTree = "<group>";
		};
/* End PBXGroup section */

/* Begin PBXNativeTarget section */
		69775A5F1BB5A46B00C7708B /* xor-sample */ = {
			isa = PBXNativeTarget;
			buildConfigurationList = 69775A671BB5A46B00C7708B /* Build configuration list for PBXNativeTarget "xor-sample" */;
			buildPhases = (
				69775A5C1BB5A46B00C7708B /* Sources */,
				69775A5D1BB5A46B00C7708B /* Frameworks */,
				69775A5E1BB5A46B00C7708B /* CopyFiles */,
			);
			buildRules = (
			);
			dependencies = (
			);
			name = "xor-sample";
			productName = "xor-sample";
			productReference = 69775A601BB5A46B00C7708B /* xor-sample */;
			productType = "com.apple.product-type.tool";
		};
/* End PBXNativeTarget section */

/* Begin PBXProject section */
		69775A581BB5A46B00C7708B /* Project object */ = {
			isa = PBXProject;
			attributes = {
				LastSwiftUpdateCheck = 0720;
				LastUpgradeCheck = 0610;
				ORGANIZATIONNAME = "Masato Morita";
				TargetAttributes = {
					69775A5F1BB5A46B00C7708B = {
						CreatedOnToolsVersion = 6.1.1;
					};
				};
			};
			buildConfigurationList = 69775A5B1BB5A46B00C7708B /* Build configuration list for PBXProject "xor-sample" */;
			compatibilityVersion = "Xcode 3.2";
			developmentRegion = English;
			hasScannedForEncodings = 0;
			knownRegions = (
				en,
			);
			mainGroup = 69775A571BB5A46B00C7708B;
			productRefGroup = 69775A611BB5A46B00C7708B /* Products */;
			projectDirPath = "";
			projectRoot = "";
			targets = (
				69775A5F1BB5A46B00C7708B /* xor-sample */,
			);
		};
/* End PBXProject section */

/* Begin PBXSourcesBuildPhase section */
		69775A5C1BB5A46B00C7708B /* Sources */ = {
			isa = PBXSourcesBuildPhase;
			buildActionMask = 2147483647;
			files = (
				69775A711BB5B36600C7708B /* MQDumpNSData.m in Sources */,
				69775A641BB5A46B00C7708B /* main.swift in Sources */,
			);
			runOnlyForDeploymentPostprocessing = 0;
		};
/* End PBXSourcesBuildPhase section */

/* Begin XCBuildConfiguration section */
		69775A651BB5A46B00C7708B /* Debug */ = {
			isa = XCBuildConfiguration;
			buildSettings = {
				ALWAYS_SEARCH_USER_PATHS = NO;
				CLANG_CXX_LANGUAGE_STANDARD = "gnu++0x";
				CLANG_CXX_LIBRARY = "libc++";
				CLANG_ENABLE_MODULES = YES;
				CLANG_ENABLE_OBJC_ARC = YES;
				CLANG_WARN_BOOL_CONVERSION = YES;
				CLANG_WARN_CONSTANT_CONVERSION = YES;
				CLANG_WARN_DIRECT_OBJC_ISA_USAGE = YES_ERROR;
				CLANG_WARN_EMPTY_BODY = YES;
				CLANG_WARN_ENUM_CONVERSION = YES;
				CLANG_WARN_INT_CONVERSION = YES;
				CLANG_WARN_OBJC_ROOT_CLASS = YES_ERROR;
				CLANG_WARN_UNREACHABLE_CODE = YES;
				CLANG_WARN__DUPLICATE_METHOD_MATCH = YES;
				COPY_PHASE_STRIP = NO;
				ENABLE_STRICT_OBJC_MSGSEND = YES;
				GCC_C_LANGUAGE_STANDARD = gnu99;
				GCC_DYNAMIC_NO_PIC = NO;
				GCC_OPTIMIZATION_LEVEL = 0;
				GCC_PREPROCESSOR_DEFINITIONS = (
					"DEBUG=1",
					"$(inherited)",
				);
				GCC_SYMBOLS_PRIVATE_EXTERN = NO;
				GCC_WARN_64_TO_32_BIT_CONVERSION = YES;
				GCC_WARN_ABOUT_RETURN_TYPE = YES_ERROR;
				GCC_WARN_UNDECLARED_SELECTOR = YES;
				GCC_WARN_UNINITIALIZED_AUTOS = YES_AGGRESSIVE;
				GCC_WARN_UNUSED_FUNCTION = YES;
				GCC_WARN_UNUSED_VARIABLE = YES;
				MACOSX_DEPLOYMENT_TARGET = 10.9;
				MTL_ENABLE_DEBUG_INFO = YES;
				ONLY_ACTIVE_ARCH = YES;
				SDKROOT = macosx;
				SWIFT_OPTIMIZATION_LEVEL = "-Onone";
			};
			name = Debug;
		};
		69775A661BB5A46B00C7708B /* Release */ = {
			isa = XCBuildConfiguration;
			buildSettings = {
				ALWAYS_SEARCH_USER_PATHS = NO;
				CLANG_CXX_LANGUAGE_STANDARD = "gnu++0x";
				CLANG_CXX_LIBRARY = "libc++";
				CLANG_ENABLE_MODULES = YES;
				CLANG_ENABLE_OBJC_ARC = YES;
				CLANG_WARN_BOOL_CONVERSION = YES;
				CLANG_WARN_CONSTANT_CONVERSION = YES;
				CLANG_WARN_DIRECT_OBJC_ISA_USAGE = YES_ERROR;
				CLANG_WARN_EMPTY_BODY = YES;
				CLANG_WARN_ENUM_CONVERSION = YES;
				CLANG_WARN_INT_CONVERSION = YES;
				CLANG_WARN_OBJC_ROOT_CLASS = YES_ERROR;
				CLANG_WARN_UNREACHABLE_CODE = YES;
				CLANG_WARN__DUPLICATE_METHOD_MATCH = YES;
				COPY_PHASE_STRIP = YES;
				DEBUG_INFORMATION_FORMAT = "dwarf-with-dsym";
				ENABLE_NS_ASSERTIONS = NO;
				ENABLE_STRICT_OBJC_MSGSEND = YES;
				GCC_C_LANGUAGE_STANDARD = gnu99;
				GCC_WARN_64_TO_32_BIT_CONVERSION = YES;
				GCC_WARN_ABOUT_RETURN_TYPE = YES_ERROR;
				GCC_WARN_UNDECLARED_SELECTOR = YES;
				GCC_WARN_UNINITIALIZED_AUTOS = YES_AGGRESSIVE;
				GCC_WARN_UNUSED_FUNCTION = YES;
				GCC_WARN_UNUSED_VARIABLE = YES;
				MACOSX_DEPLOYMENT_TARGET = 10.9;
				MTL_ENABLE_DEBUG_INFO = NO;
				SDKROOT = macosx;
			};
			name = Release;
		};
		69775A681BB5A46B00C7708B /* Debug */ = {
			isa = XCBuildConfiguration;
			buildSettings = {
				CLANG_ENABLE_MODULES = YES;
				LD_RUNPATH_SEARCH_PATHS = "$(inherited) @executable_path/../Frameworks @loader_path/../Frameworks";
				PRODUCT_NAME = "$(TARGET_NAME)";
				SWIFT_OBJC_BRIDGING_HEADER = "xor-sample/xor-sample-Bridging-Header.h";
				SWIFT_OPTIMIZATION_LEVEL = "-Onone";
			};
			name = Debug;
		};
		69775A691BB5A46B00C7708B /* Release */ = {
			isa = XCBuildConfiguration;
			buildSettings = {
				CLANG_ENABLE_MODULES = YES;
				LD_RUNPATH_SEARCH_PATHS = "$(inherited) @executable_path/../Frameworks @loader_path/../Frameworks";
				PRODUCT_NAME = "$(TARGET_NAME)";
				SWIFT_OBJC_BRIDGING_HEADER = "xor-sample/xor-sample-Bridging-Header.h";
			};
			name = Release;
		};
/* End XCBuildConfiguration section */

/* Begin XCConfigurationList section */
		69775A5B1BB5A46B00C7708B /* Build configuration list for PBXProject "xor-sample" */ = {
			isa = XCConfigurationList;
			buildConfigurations = (
				69775A651BB5A46B00C7708B /* Debug */,
				69775A661BB5A46B00C7708B /* Release */,
			);
			defaultConfigurationIsVisible = 0;
			defaultConfigurationName = Release;
		};
		69775A671BB5A46B00C7708B /* Build configuration list for PBXNativeTarget "xor-sample" */ = {
			isa = XCConfigurationList;
			buildConfigurations = (
				69775A681BB5A46B00C7708B /* Debug */,
				69775A691BB5A46B00C7708B /* Release */,
			);
			defaultConfigurationIsVisible = 0;
			defaultConfigurationName = Release;
		};
/* End XCConfigurationList section */
	};
	rootObject = 69775A581BB5A46B00C7708B /* Project object */;
}
